
Microsoft Visual Studio Solution File, Format Version 12.00
# Visual Studio Version 16
VisualStudioVersion = 16.0.30204.135
MinimumVisualStudioVersion = 10.0.40219.1
Project("{9A19103F-16F7-4668-BE54-9A1E7A4F7556}") = "AlgorithmAndDataStructure", "AlgorithmAndDataStructure\AlgorithmAndDataStructure.csproj", "{7BD18E69-D1D8-4B91-80D2-D06ACC6DEA4A}"
EndProject
Project("{9A19103F-16F7-4668-BE54-9A1E7A4F7556}") = "BigO", "BigO\BigO.csproj", "{BDADD11D-4224-4BA8-AB78-B7ADBFFD677E}"
EndProject
Project("{9A19103F-16F7-4668-BE54-9A1E7A4F7556}") = "DataStructureArray", "DataStructureArray\DataStructureArray.csproj", "{7EAA5CE8-57C0-4FAD-A9DA-80F89074D4FC}"
EndProject
Project("{9A19103F-16F7-4668-BE54-9A1E7A4F7556}") = "DataStructureLinkedList", "DataStructureLinkList\DataStructureLinkedList.csproj", "{0C532633-D3BE-4B70-B208-08D5BB97A0CA}"
EndProject
Project("{9A19103F-16F7-4668-BE54-9A1E7A4F7556}") = "StackAndQueue", "StackAndQueue\StackAndQueue.csproj", "{37C3316D-0656-4D06-8AB7-D1ACBF518A1C}"
EndProject
Project("{FAE04EC0-301F-11D3-BF4B-00C04F79EFBC}") = "Tree", "Tree\Tree.csproj", "{7EC739FD-E645-4F26-9300-36C81469BF3A}"
EndProject
Global
	GlobalSection(SolutionConfigurationPlatforms) = preSolution
		Debug|Any CPU = Debug|Any CPU
		Release|Any CPU = Release|Any CPU
	EndGlobalSection
	GlobalSection(ProjectConfigurationPlatforms) = postSolution
		{7BD18E69-D1D8-4B91-80D2-D06ACC6DEA4A}.Debug|Any CPU.ActiveCfg = Debug|Any CPU
		{7BD18E69-D1D8-4B91-80D2-D06ACC6DEA4A}.Debug|Any CPU.Build.0 = Debug|Any CPU
		{7BD18E69-D1D8-4B91-80D2-D06ACC6DEA4A}.Release|Any CPU.ActiveCfg = Release|Any CPU
		{7BD18E69-D1D8-4B91-80D2-D06ACC6DEA4A}.Release|Any CPU.Build.0 = Release|Any CPU
		{BDADD11D-4224-4BA8-AB78-B7ADBFFD677E}.Debug|Any CPU.ActiveCfg = Debug|Any CPU
		{BDADD11D-4224-4BA8-AB78-B7ADBFFD677E}.Debug|Any CPU.Build.0 = Debug|Any CPU
		{BDADD11D-4224-4BA8-AB78-B7ADBFFD677E}.Release|Any CPU.ActiveCfg = Release|Any CPU
		{BDADD11D-4224-4BA8-AB78-B7ADBFFD677E}.Release|Any CPU.Build.0 = Release|Any CPU
		{7EAA5CE8-57C0-4FAD-A9DA-80F89074D4FC}.Debug|Any CPU.ActiveCfg = Debug|Any CPU
		{7EAA5CE8-57C0-4FAD-A9DA-80F89074D4FC}.Debug|Any CPU.Build.0 = Debug|Any CPU
		{7EAA5CE8-57C0-4FAD-A9DA-80F89074D4FC}.Release|Any CPU.ActiveCfg = Release|Any CPU
		{7EAA5CE8-57C0-4FAD-A9DA-80F89074D4FC}.Release|Any CPU.Build.0 = Release|Any CPU
		{0C532633-D3BE-4B70-B208-08D5BB97A0CA}.Debug|Any CPU.ActiveCfg = Debug|Any CPU
		{0C532633-D3BE-4B70-B208-08D5BB97A0CA}.Debug|Any CPU.Build.0 = Debug|Any CPU
		{0C532633-D3BE-4B70-B208-08D5BB97A0CA}.Release|Any CPU.ActiveCfg = Release|Any CPU
		{0C532633-D3BE-4B70-B208-08D5BB97A0CA}.Release|Any CPU.Build.0 = Release|Any CPU
		{37C3316D-0656-4D06-8AB7-D1ACBF518A1C}.Debug|Any CPU.ActiveCfg = Debug|Any CPU
		{37C3316D-0656-4D06-8AB7-D1ACBF518A1C}.Debug|Any CPU.Build.0 = Debug|Any CPU
		{37C3316D-0656-4D06-8AB7-D1ACBF518A1C}.Release|Any CPU.ActiveCfg = Release|Any CPU
		{37C3316D-0656-4D06-8AB7-D1ACBF518A1C}.Release|Any CPU.Build.0 = Release|Any CPU
		{7EC739FD-E645-4F26-9300-36C81469BF3A}.Debug|Any CPU.ActiveCfg = Debug|Any CPU
		{7EC739FD-E645-4F26-9300-36C81469BF3A}.Debug|Any CPU.Build.0 = Debug|Any CPU
		{7EC739FD-E645-4F26-9300-36C81469BF3A}.Release|Any CPU.ActiveCfg = Release|Any CPU
		{7EC739FD-E645-4F26-9300-36C81469BF3A}.Release|Any CPU.Build.0 = Release|Any CPU
	EndGlobalSection
	GlobalSection(SolutionProperties) = preSolution
		HideSolutionNode = FALSE
	EndGlobalSection
	GlobalSection(ExtensibilityGlobals) = postSolution
		SolutionGuid = {B1B299D7-C47A-42FE-97B9-41FAC01AFBB3}
	EndGlobalSection
EndGlobal
